<?xml version="1.0" encoding="utf-8"?>
<Project ToolsVersion="4.0" xmlns="http://schemas.microsoft.com/developer/msbuild/2003">
  <ItemGroup>
    <ClCompile Include="Core\BaseGameObject.cpp" />
    <ClCompile Include="Core\Canvas.cpp" />
    <ClCompile Include="Core\FontManager.cpp" />
    <ClCompile Include="Core\OrthographicCamera.cpp" />
    <ClCompile Include="Core\PerspectiveCamera.cpp" />
    <ClCompile Include="Core\Settings.cpp" />
    <ClCompile Include="Scripts\JumpController.cpp" />
    <ClCompile Include="Scripts\Boundary.cpp" />
    <ClCompile Include="Physics\Collider.cpp" />
    <ClCompile Include="Scripts\CoinController.cpp" />
    <ClCompile Include="Scripts\FirstPersonCameraController.cpp" />
    <ClCompile Include="Scripts\FlyingCameraController.cpp" />
    <ClCompile Include="Core\TextObject.cpp" />
    <ClCompile Include="Core\Camera.cpp" />
    <ClCompile Include="Core\GameLoop.cpp" />
    <ClCompile Include="Core\Scene.cpp" />
    <ClCompile Include="Scripts\Hazard.cpp" />
    <ClCompile Include="Scripts\HudController.cpp" />
    <ClCompile Include="Scripts\Mover.cpp" />
    <ClCompile Include="Scripts\ObstacleSpawner.cpp" />
    <ClCompile Include="Scripts\OffsetPlayer.cpp" />
    <ClCompile Include="Scripts\PlayerController.cpp" />
    <ClCompile Include="Scripts\EndlessSpawner.cpp" />
    <ClCompile Include="Scripts\StaticSpawner.cpp" />
    <ClCompile Include="Scripts\SwapCameras.cpp" />
    <ClCompile Include="Scripts\ThirdPersonCameraController.cpp" />
    <ClCompile Include="Scripts\TimeController.cpp" />
    <ClCompile Include="Utils\DebugLog.cpp" />
    <ClCompile Include="Core\GameObject.cpp" />
    <ClCompile Include="Core\Input.cpp" />
    <ClCompile Include="Core\Light.cpp" />
    <ClCompile Include="main.cpp" />
    <ClCompile Include="Renderer\Material.cpp" />
    <ClCompile Include="Platform\MediaLayer.cpp" />
    <ClCompile Include="Renderer\Mesh.cpp" />
    <ClCompile Include="Renderer\Model.cpp" />
    <ClCompile Include="Renderer\Shader.cpp" />
    <ClCompile Include="Renderer\Texture.cpp" />
    <ClCompile Include="Core\Time.cpp" />
    <ClCompile Include="Core\Transform.cpp" />
    <ClCompile Include="Platform\Window.cpp" />
    <ClCompile Include="Scripts\HintController.cpp" />
    <ClCompile Include="Scripts\RiverMover.cpp" />
    <ClCompile Include="Scripts\Riser.cpp" />
    <ClCompile Include="Core\SceneManager.cpp" />
    <ClCompile Include="Scripts\TreeSpawner.cpp" />
    <ClCompile Include="Renderer\Skybox.cpp" />
    <ClCompile Include="Scripts\HomeScreenController.cpp" />
    <ClCompile Include="Scripts\MoveDownOnStart.cpp" />
    <ClCompile Include="Utils\SmoothAcceleratedPosition.cpp" />
    <ClCompile Include="Scripts\GameKeysHomeController.cpp" />
    <ClCompile Include="Renderer\RenderPipeline.cpp" />
    <ClCompile Include="Renderer\Renderer.cpp" />
    <ClCompile Include="Renderer\MeshRenderer.cpp" />
    <ClCompile Include="Renderer\TextRenderer.cpp" />
    <ClCompile Include="Renderer\ShadowRenderer.cpp" />
    <ClCompile Include="Utils\UUID.cpp" />
  </ItemGroup>
  <ItemGroup>
    <ClInclude Include="Core\BaseGameObject.h" />
    <ClInclude Include="Core\Canvas.h" />
    <ClInclude Include="Core\Colors.h" />
    <ClInclude Include="Core\FontManager.h" />
    <ClInclude Include="Core\OrthographicCamera.h" />
    <ClInclude Include="Core\PerspectiveCamera.h" />
    <ClInclude Include="Core\Settings.h" />
    <ClInclude Include="Exceptions\NotSupposedToCopyException.h" />
    <ClInclude Include="Scripts\JumpController.h" />
    <ClInclude Include="Scripts\Boundary.h" />
    <ClInclude Include="Physics\Collider.h" />
    <ClInclude Include="Scripts\CoinController.h" />
    <ClInclude Include="Scripts\FirstPersonCameraController.h" />
    <ClInclude Include="Scripts\FlyingCameraController.h" />
    <ClInclude Include="Core\TextObject.h" />
    <ClInclude Include="Scripts\CameraController.h" />
    <ClInclude Include="Core\Behaviour.h" />
    <ClInclude Include="Core\Camera.h" />
    <ClInclude Include="Core\GameLoop.h" />
    <ClInclude Include="Core\Scene.h" />
    <ClInclude Include="Scripts\Hazard.h" />
    <ClInclude Include="Scripts\HudController.h" />
    <ClInclude Include="Scripts\Mover.h" />
    <ClInclude Include="Scripts\ObstacleSpawner.h" />
    <ClInclude Include="Scripts\OffsetPlayer.h" />
    <ClInclude Include="Scripts\PlayerController.h" />
    <ClInclude Include="Scripts\EndlessSpawner.h" />
    <ClInclude Include="Scripts\StaticSpawner.h" />
    <ClInclude Include="Scripts\SwapCameras.h" />
    <ClInclude Include="Scripts\ThirdPersonCameraController.h" />
    <ClInclude Include="Scripts\TimeController.h" />
    <ClInclude Include="Utils\CircularBuffer.h" />
    <ClInclude Include="Utils\DebugLog.h" />
    <ClInclude Include="Core\GameObject.h" />
    <ClInclude Include="Core\Input.h" />
    <ClInclude Include="Core\InputDefinition.h" />
    <ClInclude Include="Core\Light.h" />
    <ClInclude Include="Renderer\Material.h" />
    <ClInclude Include="Platform\MediaLayer.h" />
    <ClInclude Include="Renderer\Mesh.h" />
    <ClInclude Include="Renderer\Model.h" />
    <ClInclude Include="Renderer\Shader.h" />
    <ClInclude Include="Renderer\Texture.h" />
    <ClInclude Include="Core\Time.h" />
    <ClInclude Include="Core\Transform.h" />
    <ClInclude Include="Platform\Window.h" />
    <ClInclude Include="Scripts\HintController.h" />
    <ClInclude Include="Core\Colors.h" />
    <ClInclude Include="Scripts\JumpController.h" />
    <ClInclude Include="Scripts\RiverMover.h" />
    <ClInclude Include="Scripts\Riser.h" />
    <ClInclude Include="Core\SceneManager.h" />
    <ClInclude Include="Scripts\TreeSpawner.h" />
    <ClInclude Include="Renderer\Skybox.h" />
    <ClInclude Include="Scripts\HomeScreenController.h" />
    <ClInclude Include="Scripts\MoveDownOnStart.h" />
    <ClInclude Include="Utils\SmoothAcceleratedPosition.h" />
    <ClInclude Include="Scripts\GameKeysHomeController.h" />
    <ClInclude Include="Renderer\RenderPipeline.h" />
    <ClInclude Include="Renderer\Renderer.h" />
    <ClInclude Include="Renderer\MeshRenderer.h" />
    <ClInclude Include="Renderer\TextRenderer.h" />
    <ClInclude Include="Renderer\ShadowRenderer.h" />
    <ClInclude Include="Utils\UUID.h" />
  </ItemGroup>
  <ItemGroup>
    <None Include="Assets\Shaders\skybox.vs" />
    <None Include="Assets\Shaders\skybox.fs" />
    <None Include="Assets\Shaders\depthTest.fs" />
    <None Include="Assets\Shaders\depthTest.vs" />
    <None Include="Assets\Shaders\test.fs" />
    <None Include="Assets\Shaders\test.vs" />
    <None Include="Assets\Shaders\depthTest.gs" />
  </ItemGroup>
</Project>