<?xml version="1.0" encoding="utf-8"?>
<Project ToolsVersion="4.0" xmlns="http://schemas.microsoft.com/developer/msbuild/2003">
  <ItemGroup>
    <Filter Include="Source Files">
      <UniqueIdentifier>{4FC737F1-C7A5-4376-A066-2A32D752A2FF}</UniqueIdentifier>
      <Extensions>cpp;c;cc;cxx;c++;def;odl;idl;hpj;bat;asm;asmx</Extensions>
    </Filter>
    <Filter Include="Header Files">
      <UniqueIdentifier>{93995380-89BD-4b04-88EB-625FBE52EBFB}</UniqueIdentifier>
      <Extensions>h;hh;hpp;hxx;h++;hm;inl;inc;ipp;xsd</Extensions>
    </Filter>
    <Filter Include="Resource Files">
      <UniqueIdentifier>{67DA6AB6-F800-4c08-8B7A-83BB121AAD01}</UniqueIdentifier>
      <Extensions>rc;ico;cur;bmp;dlg;rc2;rct;bin;rgs;gif;jpg;jpeg;jpe;resx;tiff;tif;png;wav;mfcribbon-ms</Extensions>
    </Filter>
  </ItemGroup>
  <ItemGroup>
    <ClCompile Include="main.cpp">
      <Filter>Source Files</Filter>
    </ClCompile>
    <ClCompile Include="Renderer\Texture.cpp">
      <Filter>Source Files</Filter>
    </ClCompile>
    <ClCompile Include="Core\Light.cpp">
      <Filter>Source Files</Filter>
    </ClCompile>
    <ClCompile Include="Core\Input.cpp">
      <Filter>Source Files</Filter>
    </ClCompile>
    <ClCompile Include="Platform\MediaLayer.cpp">
      <Filter>Source Files</Filter>
    </ClCompile>
    <ClCompile Include="Utils\DebugLog.cpp">
      <Filter>Source Files</Filter>
    </ClCompile>
    <ClCompile Include="Platform\Window.cpp">
      <Filter>Source Files</Filter>
    </ClCompile>
    <ClCompile Include="Renderer\Mesh.cpp">
      <Filter>Source Files</Filter>
    </ClCompile>
    <ClCompile Include="Renderer\Shader.cpp">
      <Filter>Source Files</Filter>
    </ClCompile>
    <ClCompile Include="Renderer\Model.cpp">
      <Filter>Source Files</Filter>
    </ClCompile>
    <ClCompile Include="Core\Camera.cpp">
      <Filter>Source Files</Filter>
    </ClCompile>
    <ClCompile Include="Core\Time.cpp">
      <Filter>Source Files</Filter>
    </ClCompile>
    <ClCompile Include="Core\Transform.cpp">
      <Filter>Source Files</Filter>
    </ClCompile>
    <ClCompile Include="Core\GameObject.cpp">
      <Filter>Source Files</Filter>
    </ClCompile>
    <ClCompile Include="Renderer\Material.cpp">
      <Filter>Source Files</Filter>
    </ClCompile>
    <ClCompile Include="Core\GameLoop.cpp">
      <Filter>Source Files</Filter>
    </ClCompile>
    <ClCompile Include="Scripts\PlayerController.cpp">
      <Filter>Source Files</Filter>
    </ClCompile>
    <ClCompile Include="Core\Scene.cpp">
      <Filter>Source Files</Filter>
    </ClCompile>
    <ClCompile Include="Scripts\FlyingCameraController.cpp">
      <Filter>Source Files</Filter>
    </ClCompile>
    <ClCompile Include="Scripts\SwapCameras.cpp">
      <Filter>Source Files</Filter>
    </ClCompile>
    <ClCompile Include="Core\BaseGameObject.cpp">
      <Filter>Source Files</Filter>
    </ClCompile>
    <ClCompile Include="Core\OrthographicCamera.cpp">
      <Filter>Source Files</Filter>
    </ClCompile>
    <ClCompile Include="Core\PerspectiveCamera.cpp">
      <Filter>Source Files</Filter>
    </ClCompile>
    <ClCompile Include="Scripts\OffsetPlayer.cpp">
      <Filter>Source Files</Filter>
    </ClCompile>
  </ItemGroup>
  <ItemGroup>
    <ClInclude Include="Renderer\Texture.h">
      <Filter>Header Files</Filter>
    </ClInclude>
    <ClInclude Include="Core\Light.h">
      <Filter>Header Files</Filter>
    </ClInclude>
    <ClInclude Include="Renderer\Drawable.h">
      <Filter>Header Files</Filter>
    </ClInclude>
    <ClInclude Include="Core\Input.h">
      <Filter>Header Files</Filter>
    </ClInclude>
    <ClInclude Include="Platform\MediaLayer.h">
      <Filter>Header Files</Filter>
    </ClInclude>
    <ClInclude Include="Utils\DebugLog.h">
      <Filter>Header Files</Filter>
    </ClInclude>
    <ClInclude Include="Core\InputDefinition.h">
      <Filter>Header Files</Filter>
    </ClInclude>
    <ClInclude Include="Platform\Window.h">
      <Filter>Header Files</Filter>
    </ClInclude>
    <ClInclude Include="Core\Camera.h">
      <Filter>Header Files</Filter>
    </ClInclude>
    <ClInclude Include="Renderer\Mesh.h">
      <Filter>Header Files</Filter>
    </ClInclude>
    <ClInclude Include="Renderer\Shader.h">
      <Filter>Header Files</Filter>
    </ClInclude>
    <ClInclude Include="Renderer\Model.h">
      <Filter>Header Files</Filter>
    </ClInclude>
    <ClInclude Include="Core\Time.h">
      <Filter>Header Files</Filter>
    </ClInclude>
    <ClInclude Include="Core\Transform.h">
      <Filter>Header Files</Filter>
    </ClInclude>
    <ClInclude Include="Core\GameObject.h">
      <Filter>Header Files</Filter>
    </ClInclude>
    <ClInclude Include="Renderer\Material.h">
      <Filter>Header Files</Filter>
    </ClInclude>
    <ClInclude Include="Core\GameLoop.h">
      <Filter>Header Files</Filter>
    </ClInclude>
    <ClInclude Include="Core\Behaviour.h">
      <Filter>Header Files</Filter>
    </ClInclude>
    <ClInclude Include="Scripts\PlayerController.h">
      <Filter>Header Files</Filter>
    </ClInclude>
    <ClInclude Include="Core\Scene.h">
      <Filter>Header Files</Filter>
    </ClInclude>
    <ClInclude Include="Scripts\FlyingCameraController.h">
      <Filter>Header Files</Filter>
    </ClInclude>
    <ClInclude Include="Scripts\SwapCameras.h">
      <Filter>Header Files</Filter>
    </ClInclude>
    <ClInclude Include="Core\BaseGameObject.h">
      <Filter>Header Files</Filter>
    </ClInclude>
    <ClInclude Include="Core\PerspectiveCamera.h">
      <Filter>Header Files</Filter>
    </ClInclude>
    <ClInclude Include="Core\OrthographicCamera.h">
      <Filter>Header Files</Filter>
    </ClInclude>
    <ClInclude Include="Scripts\OffsetPlayer.h">
      <Filter>Header Files</Filter>
    </ClInclude>
  </ItemGroup>
  <ItemGroup>
    <None Include="default.vs">
      <Filter>Resource Files</Filter>
    </None>
    <None Include="default.fs">
      <Filter>Resource Files</Filter>
    </None>
  </ItemGroup>
</Project>